
Microsoft Visual Studio Solution File, Format Version 12.00
# Visual Studio 15
VisualStudioVersion = 15.0.28010.2046
MinimumVisualStudioVersion = 10.0.40219.1
Project("{FAE04EC0-301F-11D3-BF4B-00C04F79EFBC}") = "DrinkingBuddies.Android", "DrinkingBuddies\DrinkingBuddies.Android\DrinkingBuddies.Android.csproj", "{D23FE0BF-A6BC-4550-B111-37A750715C5E}"
EndProject
Project("{FAE04EC0-301F-11D3-BF4B-00C04F79EFBC}") = "DrinkingBuddies.iOS", "DrinkingBuddies\DrinkingBuddies.iOS\DrinkingBuddies.iOS.csproj", "{B1CC61FE-F87D-404A-BE29-1552562DBABD}"
EndProject
Project("{FAE04EC0-301F-11D3-BF4B-00C04F79EFBC}") = "DrinkingBuddies.UWP", "DrinkingBuddies\DrinkingBuddies.UWP\DrinkingBuddies.UWP.csproj", "{65E6DDF8-E6E2-4196-806C-8C143BC50230}"
EndProject
Project("{FAE04EC0-301F-11D3-BF4B-00C04F79EFBC}") = "DrinkingBuddies", "DrinkingBuddies\DrinkingBuddies\DrinkingBuddies.csproj", "{E8C7482D-2A86-4874-9206-FD9AD680DFB0}"
EndProject
Global
	GlobalSection(SolutionConfigurationPlatforms) = preSolution
		Ad-Hoc|Any CPU = Ad-Hoc|Any CPU
		Ad-Hoc|ARM = Ad-Hoc|ARM
		Ad-Hoc|iPhone = Ad-Hoc|iPhone
		Ad-Hoc|iPhoneSimulator = Ad-Hoc|iPhoneSimulator
		Ad-Hoc|x64 = Ad-Hoc|x64
		Ad-Hoc|x86 = Ad-Hoc|x86
		AppStore|Any CPU = AppStore|Any CPU
		AppStore|ARM = AppStore|ARM
		AppStore|iPhone = AppStore|iPhone
		AppStore|iPhoneSimulator = AppStore|iPhoneSimulator
		AppStore|x64 = AppStore|x64
		AppStore|x86 = AppStore|x86
		Debug|Any CPU = Debug|Any CPU
		Debug|ARM = Debug|ARM
		Debug|iPhone = Debug|iPhone
		Debug|iPhoneSimulator = Debug|iPhoneSimulator
		Debug|x64 = Debug|x64
		Debug|x86 = Debug|x86
		Release|Any CPU = Release|Any CPU
		Release|ARM = Release|ARM
		Release|iPhone = Release|iPhone
		Release|iPhoneSimulator = Release|iPhoneSimulator
		Release|x64 = Release|x64
		Release|x86 = Release|x86
	EndGlobalSection
	GlobalSection(ProjectConfigurationPlatforms) = postSolution
		{D23FE0BF-A6BC-4550-B111-37A750715C5E}.Ad-Hoc|Any CPU.ActiveCfg = Release|Any CPU
		{D23FE0BF-A6BC-4550-B111-37A750715C5E}.Ad-Hoc|Any CPU.Build.0 = Release|Any CPU
		{D23FE0BF-A6BC-4550-B111-37A750715C5E}.Ad-Hoc|Any CPU.Deploy.0 = Release|Any CPU
		{D23FE0BF-A6BC-4550-B111-37A750715C5E}.Ad-Hoc|ARM.ActiveCfg = Release|Any CPU
		{D23FE0BF-A6BC-4550-B111-37A750715C5E}.Ad-Hoc|ARM.Build.0 = Release|Any CPU
		{D23FE0BF-A6BC-4550-B111-37A750715C5E}.Ad-Hoc|ARM.Deploy.0 = Release|Any CPU
		{D23FE0BF-A6BC-4550-B111-37A750715C5E}.Ad-Hoc|iPhone.ActiveCfg = Release|Any CPU
		{D23FE0BF-A6BC-4550-B111-37A750715C5E}.Ad-Hoc|iPhone.Build.0 = Release|Any CPU
		{D23FE0BF-A6BC-4550-B111-37A750715C5E}.Ad-Hoc|iPhone.Deploy.0 = Release|Any CPU
		{D23FE0BF-A6BC-4550-B111-37A750715C5E}.Ad-Hoc|iPhoneSimulator.ActiveCfg = Release|Any CPU
		{D23FE0BF-A6BC-4550-B111-37A750715C5E}.Ad-Hoc|iPhoneSimulator.Build.0 = Release|Any CPU
		{D23FE0BF-A6BC-4550-B111-37A750715C5E}.Ad-Hoc|iPhoneSimulator.Deploy.0 = Release|Any CPU
		{D23FE0BF-A6BC-4550-B111-37A750715C5E}.Ad-Hoc|x64.ActiveCfg = Release|Any CPU
		{D23FE0BF-A6BC-4550-B111-37A750715C5E}.Ad-Hoc|x64.Build.0 = Release|Any CPU
		{D23FE0BF-A6BC-4550-B111-37A750715C5E}.Ad-Hoc|x64.Deploy.0 = Release|Any CPU
		{D23FE0BF-A6BC-4550-B111-37A750715C5E}.Ad-Hoc|x86.ActiveCfg = Release|Any CPU
		{D23FE0BF-A6BC-4550-B111-37A750715C5E}.Ad-Hoc|x86.Build.0 = Release|Any CPU
		{D23FE0BF-A6BC-4550-B111-37A750715C5E}.Ad-Hoc|x86.Deploy.0 = Release|Any CPU
		{D23FE0BF-A6BC-4550-B111-37A750715C5E}.AppStore|Any CPU.ActiveCfg = Release|Any CPU
		{D23FE0BF-A6BC-4550-B111-37A750715C5E}.AppStore|Any CPU.Build.0 = Release|Any CPU
		{D23FE0BF-A6BC-4550-B111-37A750715C5E}.AppStore|Any CPU.Deploy.0 = Release|Any CPU
		{D23FE0BF-A6BC-4550-B111-37A750715C5E}.AppStore|ARM.ActiveCfg = Release|Any CPU
		{D23FE0BF-A6BC-4550-B111-37A750715C5E}.AppStore|ARM.Build.0 = Release|Any CPU
		{D23FE0BF-A6BC-4550-B111-37A750715C5E}.AppStore|ARM.Deploy.0 = Release|Any CPU
		{D23FE0BF-A6BC-4550-B111-37A750715C5E}.AppStore|iPhone.ActiveCfg = Release|Any CPU
		{D23FE0BF-A6BC-4550-B111-37A750715C5E}.AppStore|iPhone.Build.0 = Release|Any CPU
		{D23FE0BF-A6BC-4550-B111-37A750715C5E}.AppStore|iPhone.Deploy.0 = Release|Any CPU
		{D23FE0BF-A6BC-4550-B111-37A750715C5E}.AppStore|iPhoneSimulator.ActiveCfg = Release|Any CPU
		{D23FE0BF-A6BC-4550-B111-37A750715C5E}.AppStore|iPhoneSimulator.Build.0 = Release|Any CPU
		{D23FE0BF-A6BC-4550-B111-37A750715C5E}.AppStore|iPhoneSimulator.Deploy.0 = Release|Any CPU
		{D23FE0BF-A6BC-4550-B111-37A750715C5E}.AppStore|x64.ActiveCfg = Release|Any CPU
		{D23FE0BF-A6BC-4550-B111-37A750715C5E}.AppStore|x64.Build.0 = Release|Any CPU
		{D23FE0BF-A6BC-4550-B111-37A750715C5E}.AppStore|x64.Deploy.0 = Release|Any CPU
		{D23FE0BF-A6BC-4550-B111-37A750715C5E}.AppStore|x86.ActiveCfg = Release|Any CPU
		{D23FE0BF-A6BC-4550-B111-37A750715C5E}.AppStore|x86.Build.0 = Release|Any CPU
		{D23FE0BF-A6BC-4550-B111-37A750715C5E}.AppStore|x86.Deploy.0 = Release|Any CPU
		{D23FE0BF-A6BC-4550-B111-37A750715C5E}.Debug|Any CPU.ActiveCfg = Debug|Any CPU
		{D23FE0BF-A6BC-4550-B111-37A750715C5E}.Debug|Any CPU.Build.0 = Debug|Any CPU
		{D23FE0BF-A6BC-4550-B111-37A750715C5E}.Debug|Any CPU.Deploy.0 = Debug|Any CPU
		{D23FE0BF-A6BC-4550-B111-37A750715C5E}.Debug|ARM.ActiveCfg = Debug|Any CPU
		{D23FE0BF-A6BC-4550-B111-37A750715C5E}.Debug|ARM.Build.0 = Debug|Any CPU
		{D23FE0BF-A6BC-4550-B111-37A750715C5E}.Debug|ARM.Deploy.0 = Debug|Any CPU
		{D23FE0BF-A6BC-4550-B111-37A750715C5E}.Debug|iPhone.ActiveCfg = Debug|Any CPU
		{D23FE0BF-A6BC-4550-B111-37A750715C5E}.Debug|iPhone.Build.0 = Debug|Any CPU
		{D23FE0BF-A6BC-4550-B111-37A750715C5E}.Debug|iPhone.Deploy.0 = Debug|Any CPU
		{D23FE0BF-A6BC-4550-B111-37A750715C5E}.Debug|iPhoneSimulator.ActiveCfg = Debug|Any CPU
		{D23FE0BF-A6BC-4550-B111-37A750715C5E}.Debug|iPhoneSimulator.Build.0 = Debug|Any CPU
		{D23FE0BF-A6BC-4550-B111-37A750715C5E}.Debug|iPhoneSimulator.Deploy.0 = Debug|Any CPU
		{D23FE0BF-A6BC-4550-B111-37A750715C5E}.Debug|x64.ActiveCfg = Debug|Any CPU
		{D23FE0BF-A6BC-4550-B111-37A750715C5E}.Debug|x64.Build.0 = Debug|Any CPU
		{D23FE0BF-A6BC-4550-B111-37A750715C5E}.Debug|x64.Deploy.0 = Debug|Any CPU
		{D23FE0BF-A6BC-4550-B111-37A750715C5E}.Debug|x86.ActiveCfg = Debug|Any CPU
		{D23FE0BF-A6BC-4550-B111-37A750715C5E}.Debug|x86.Build.0 = Debug|Any CPU
		{D23FE0BF-A6BC-4550-B111-37A750715C5E}.Debug|x86.Deploy.0 = Debug|Any CPU
		{D23FE0BF-A6BC-4550-B111-37A750715C5E}.Release|Any CPU.ActiveCfg = Release|Any CPU
		{D23FE0BF-A6BC-4550-B111-37A750715C5E}.Release|Any CPU.Build.0 = Release|Any CPU
		{D23FE0BF-A6BC-4550-B111-37A750715C5E}.Release|Any CPU.Deploy.0 = Release|Any CPU
		{D23FE0BF-A6BC-4550-B111-37A750715C5E}.Release|ARM.ActiveCfg = Release|Any CPU
		{D23FE0BF-A6BC-4550-B111-37A750715C5E}.Release|ARM.Build.0 = Release|Any CPU
		{D23FE0BF-A6BC-4550-B111-37A750715C5E}.Release|ARM.Deploy.0 = Release|Any CPU
		{D23FE0BF-A6BC-4550-B111-37A750715C5E}.Release|iPhone.ActiveCfg = Release|Any CPU
		{D23FE0BF-A6BC-4550-B111-37A750715C5E}.Release|iPhone.Build.0 = Release|Any CPU
		{D23FE0BF-A6BC-4550-B111-37A750715C5E}.Release|iPhone.Deploy.0 = Release|Any CPU
		{D23FE0BF-A6BC-4550-B111-37A750715C5E}.Release|iPhoneSimulator.ActiveCfg = Release|Any CPU
		{D23FE0BF-A6BC-4550-B111-37A750715C5E}.Release|iPhoneSimulator.Build.0 = Release|Any CPU
		{D23FE0BF-A6BC-4550-B111-37A750715C5E}.Release|iPhoneSimulator.Deploy.0 = Release|Any CPU
		{D23FE0BF-A6BC-4550-B111-37A750715C5E}.Release|x64.ActiveCfg = Release|Any CPU
		{D23FE0BF-A6BC-4550-B111-37A750715C5E}.Release|x64.Build.0 = Release|Any CPU
		{D23FE0BF-A6BC-4550-B111-37A750715C5E}.Release|x64.Deploy.0 = Release|Any CPU
		{D23FE0BF-A6BC-4550-B111-37A750715C5E}.Release|x86.ActiveCfg = Release|Any CPU
		{D23FE0BF-A6BC-4550-B111-37A750715C5E}.Release|x86.Build.0 = Release|Any CPU
		{D23FE0BF-A6BC-4550-B111-37A750715C5E}.Release|x86.Deploy.0 = Release|Any CPU
		{B1CC61FE-F87D-404A-BE29-1552562DBABD}.Ad-Hoc|Any CPU.ActiveCfg = Ad-Hoc|iPhone
		{B1CC61FE-F87D-404A-BE29-1552562DBABD}.Ad-Hoc|Any CPU.Build.0 = Ad-Hoc|iPhone
		{B1CC61FE-F87D-404A-BE29-1552562DBABD}.Ad-Hoc|Any CPU.Deploy.0 = Ad-Hoc|iPhone
		{B1CC61FE-F87D-404A-BE29-1552562DBABD}.Ad-Hoc|ARM.ActiveCfg = Ad-Hoc|iPhone
		{B1CC61FE-F87D-404A-BE29-1552562DBABD}.Ad-Hoc|ARM.Build.0 = Ad-Hoc|iPhone
		{B1CC61FE-F87D-404A-BE29-1552562DBABD}.Ad-Hoc|ARM.Deploy.0 = Ad-Hoc|iPhone
		{B1CC61FE-F87D-404A-BE29-1552562DBABD}.Ad-Hoc|iPhone.ActiveCfg = Ad-Hoc|iPhone
		{B1CC61FE-F87D-404A-BE29-1552562DBABD}.Ad-Hoc|iPhone.Build.0 = Ad-Hoc|iPhone
		{B1CC61FE-F87D-404A-BE29-1552562DBABD}.Ad-Hoc|iPhone.Deploy.0 = Ad-Hoc|iPhone
		{B1CC61FE-F87D-404A-BE29-1552562DBABD}.Ad-Hoc|iPhoneSimulator.ActiveCfg = Ad-Hoc|iPhoneSimulator
		{B1CC61FE-F87D-404A-BE29-1552562DBABD}.Ad-Hoc|iPhoneSimulator.Build.0 = Ad-Hoc|iPhoneSimulator
		{B1CC61FE-F87D-404A-BE29-1552562DBABD}.Ad-Hoc|iPhoneSimulator.Deploy.0 = Ad-Hoc|iPhoneSimulator
		{B1CC61FE-F87D-404A-BE29-1552562DBABD}.Ad-Hoc|x64.ActiveCfg = Ad-Hoc|iPhone
		{B1CC61FE-F87D-404A-BE29-1552562DBABD}.Ad-Hoc|x64.Build.0 = Ad-Hoc|iPhone
		{B1CC61FE-F87D-404A-BE29-1552562DBABD}.Ad-Hoc|x64.Deploy.0 = Ad-Hoc|iPhone
		{B1CC61FE-F87D-404A-BE29-1552562DBABD}.Ad-Hoc|x86.ActiveCfg = Ad-Hoc|iPhone
		{B1CC61FE-F87D-404A-BE29-1552562DBABD}.Ad-Hoc|x86.Build.0 = Ad-Hoc|iPhone
		{B1CC61FE-F87D-404A-BE29-1552562DBABD}.Ad-Hoc|x86.Deploy.0 = Ad-Hoc|iPhone
		{B1CC61FE-F87D-404A-BE29-1552562DBABD}.AppStore|Any CPU.ActiveCfg = AppStore|iPhone
		{B1CC61FE-F87D-404A-BE29-1552562DBABD}.AppStore|Any CPU.Build.0 = AppStore|iPhone
		{B1CC61FE-F87D-404A-BE29-1552562DBABD}.AppStore|Any CPU.Deploy.0 = AppStore|iPhone
		{B1CC61FE-F87D-404A-BE29-1552562DBABD}.AppStore|ARM.ActiveCfg = AppStore|iPhone
		{B1CC61FE-F87D-404A-BE29-1552562DBABD}.AppStore|ARM.Build.0 = AppStore|iPhone
		{B1CC61FE-F87D-404A-BE29-1552562DBABD}.AppStore|ARM.Deploy.0 = AppStore|iPhone
		{B1CC61FE-F87D-404A-BE29-1552562DBABD}.AppStore|iPhone.ActiveCfg = AppStore|iPhone
		{B1CC61FE-F87D-404A-BE29-1552562DBABD}.AppStore|iPhone.Build.0 = AppStore|iPhone
		{B1CC61FE-F87D-404A-BE29-1552562DBABD}.AppStore|iPhone.Deploy.0 = AppStore|iPhone
		{B1CC61FE-F87D-404A-BE29-1552562DBABD}.AppStore|iPhoneSimulator.ActiveCfg = AppStore|iPhoneSimulator
		{B1CC61FE-F87D-404A-BE29-1552562DBABD}.AppStore|iPhoneSimulator.Build.0 = AppStore|iPhoneSimulator
		{B1CC61FE-F87D-404A-BE29-1552562DBABD}.AppStore|iPhoneSimulator.Deploy.0 = AppStore|iPhoneSimulator
		{B1CC61FE-F87D-404A-BE29-1552562DBABD}.AppStore|x64.ActiveCfg = AppStore|iPhone
		{B1CC61FE-F87D-404A-BE29-1552562DBABD}.AppStore|x64.Build.0 = AppStore|iPhone
		{B1CC61FE-F87D-404A-BE29-1552562DBABD}.AppStore|x64.Deploy.0 = AppStore|iPhone
		{B1CC61FE-F87D-404A-BE29-1552562DBABD}.AppStore|x86.ActiveCfg = AppStore|iPhone
		{B1CC61FE-F87D-404A-BE29-1552562DBABD}.AppStore|x86.Build.0 = AppStore|iPhone
		{B1CC61FE-F87D-404A-BE29-1552562DBABD}.AppStore|x86.Deploy.0 = AppStore|iPhone
		{B1CC61FE-F87D-404A-BE29-1552562DBABD}.Debug|Any CPU.ActiveCfg = Debug|iPhoneSimulator
		{B1CC61FE-F87D-404A-BE29-1552562DBABD}.Debug|Any CPU.Build.0 = Debug|iPhoneSimulator
		{B1CC61FE-F87D-404A-BE29-1552562DBABD}.Debug|Any CPU.Deploy.0 = Debug|iPhoneSimulator
		{B1CC61FE-F87D-404A-BE29-1552562DBABD}.Debug|ARM.ActiveCfg = Debug|iPhone
		{B1CC61FE-F87D-404A-BE29-1552562DBABD}.Debug|ARM.Build.0 = Debug|iPhone
		{B1CC61FE-F87D-404A-BE29-1552562DBABD}.Debug|ARM.Deploy.0 = Debug|iPhone
		{B1CC61FE-F87D-404A-BE29-1552562DBABD}.Debug|iPhone.ActiveCfg = Debug|iPhone
		{B1CC61FE-F87D-404A-BE29-1552562DBABD}.Debug|iPhone.Build.0 = Debug|iPhone
		{B1CC61FE-F87D-404A-BE29-1552562DBABD}.Debug|iPhone.Deploy.0 = Debug|iPhone
		{B1CC61FE-F87D-404A-BE29-1552562DBABD}.Debug|iPhoneSimulator.ActiveCfg = Debug|iPhoneSimulator
		{B1CC61FE-F87D-404A-BE29-1552562DBABD}.Debug|iPhoneSimulator.Build.0 = Debug|iPhoneSimulator
		{B1CC61FE-F87D-404A-BE29-1552562DBABD}.Debug|iPhoneSimulator.Deploy.0 = Debug|iPhoneSimulator
		{B1CC61FE-F87D-404A-BE29-1552562DBABD}.Debug|x64.ActiveCfg = Debug|iPhone
		{B1CC61FE-F87D-404A-BE29-1552562DBABD}.Debug|x64.Build.0 = Debug|iPhone
		{B1CC61FE-F87D-404A-BE29-1552562DBABD}.Debug|x64.Deploy.0 = Debug|iPhone
		{B1CC61FE-F87D-404A-BE29-1552562DBABD}.Debug|x86.ActiveCfg = Debug|iPhone
		{B1CC61FE-F87D-404A-BE29-1552562DBABD}.Debug|x86.Build.0 = Debug|iPhone
		{B1CC61FE-F87D-404A-BE29-1552562DBABD}.Debug|x86.Deploy.0 = Debug|iPhone
		{B1CC61FE-F87D-404A-BE29-1552562DBABD}.Release|Any CPU.ActiveCfg = Release|iPhone
		{B1CC61FE-F87D-404A-BE29-1552562DBABD}.Release|Any CPU.Build.0 = Release|iPhone
		{B1CC61FE-F87D-404A-BE29-1552562DBABD}.Release|Any CPU.Deploy.0 = Release|iPhone
		{B1CC61FE-F87D-404A-BE29-1552562DBABD}.Release|ARM.ActiveCfg = Release|iPhone
		{B1CC61FE-F87D-404A-BE29-1552562DBABD}.Release|ARM.Build.0 = Release|iPhone
		{B1CC61FE-F87D-404A-BE29-1552562DBABD}.Release|ARM.Deploy.0 = Release|iPhone
		{B1CC61FE-F87D-404A-BE29-1552562DBABD}.Release|iPhone.ActiveCfg = Release|iPhone
		{B1CC61FE-F87D-404A-BE29-1552562DBABD}.Release|iPhone.Build.0 = Release|iPhone
		{B1CC61FE-F87D-404A-BE29-1552562DBABD}.Release|iPhone.Deploy.0 = Release|iPhone
		{B1CC61FE-F87D-404A-BE29-1552562DBABD}.Release|iPhoneSimulator.ActiveCfg = Release|iPhoneSimulator
		{B1CC61FE-F87D-404A-BE29-1552562DBABD}.Release|iPhoneSimulator.Build.0 = Release|iPhoneSimulator
		{B1CC61FE-F87D-404A-BE29-1552562DBABD}.Release|iPhoneSimulator.Deploy.0 = Release|iPhoneSimulator
		{B1CC61FE-F87D-404A-BE29-1552562DBABD}.Release|x64.ActiveCfg = Release|iPhone
		{B1CC61FE-F87D-404A-BE29-1552562DBABD}.Release|x64.Build.0 = Release|iPhone
		{B1CC61FE-F87D-404A-BE29-1552562DBABD}.Release|x64.Deploy.0 = Release|iPhone
		{B1CC61FE-F87D-404A-BE29-1552562DBABD}.Release|x86.ActiveCfg = Release|iPhone
		{B1CC61FE-F87D-404A-BE29-1552562DBABD}.Release|x86.Build.0 = Release|iPhone
		{B1CC61FE-F87D-404A-BE29-1552562DBABD}.Release|x86.Deploy.0 = Release|iPhone
		{65E6DDF8-E6E2-4196-806C-8C143BC50230}.Ad-Hoc|Any CPU.ActiveCfg = Release|x86
		{65E6DDF8-E6E2-4196-806C-8C143BC50230}.Ad-Hoc|Any CPU.Build.0 = Release|x86
		{65E6DDF8-E6E2-4196-806C-8C143BC50230}.Ad-Hoc|Any CPU.Deploy.0 = Release|x86
		{65E6DDF8-E6E2-4196-806C-8C143BC50230}.Ad-Hoc|ARM.ActiveCfg = Release|ARM
		{65E6DDF8-E6E2-4196-806C-8C143BC50230}.Ad-Hoc|ARM.Build.0 = Release|ARM
		{65E6DDF8-E6E2-4196-806C-8C143BC50230}.Ad-Hoc|ARM.Deploy.0 = Release|ARM
		{65E6DDF8-E6E2-4196-806C-8C143BC50230}.Ad-Hoc|iPhone.ActiveCfg = Release|x86
		{65E6DDF8-E6E2-4196-806C-8C143BC50230}.Ad-Hoc|iPhone.Build.0 = Release|x86
		{65E6DDF8-E6E2-4196-806C-8C143BC50230}.Ad-Hoc|iPhone.Deploy.0 = Release|x86
		{65E6DDF8-E6E2-4196-806C-8C143BC50230}.Ad-Hoc|iPhoneSimulator.ActiveCfg = Release|x86
		{65E6DDF8-E6E2-4196-806C-8C143BC50230}.Ad-Hoc|iPhoneSimulator.Build.0 = Release|x86
		{65E6DDF8-E6E2-4196-806C-8C143BC50230}.Ad-Hoc|iPhoneSimulator.Deploy.0 = Release|x86
		{65E6DDF8-E6E2-4196-806C-8C143BC50230}.Ad-Hoc|x64.ActiveCfg = Release|x64
		{65E6DDF8-E6E2-4196-806C-8C143BC50230}.Ad-Hoc|x64.Build.0 = Release|x64
		{65E6DDF8-E6E2-4196-806C-8C143BC50230}.Ad-Hoc|x64.Deploy.0 = Release|x64
		{65E6DDF8-E6E2-4196-806C-8C143BC50230}.Ad-Hoc|x86.ActiveCfg = Release|x86
		{65E6DDF8-E6E2-4196-806C-8C143BC50230}.Ad-Hoc|x86.Build.0 = Release|x86
		{65E6DDF8-E6E2-4196-806C-8C143BC50230}.Ad-Hoc|x86.Deploy.0 = Release|x86
		{65E6DDF8-E6E2-4196-806C-8C143BC50230}.AppStore|Any CPU.ActiveCfg = Release|x86
		{65E6DDF8-E6E2-4196-806C-8C143BC50230}.AppStore|Any CPU.Build.0 = Release|x86
		{65E6DDF8-E6E2-4196-806C-8C143BC50230}.AppStore|Any CPU.Deploy.0 = Release|x86
		{65E6DDF8-E6E2-4196-806C-8C143BC50230}.AppStore|ARM.ActiveCfg = Release|ARM
		{65E6DDF8-E6E2-4196-806C-8C143BC50230}.AppStore|ARM.Build.0 = Release|ARM
		{65E6DDF8-E6E2-4196-806C-8C143BC50230}.AppStore|ARM.Deploy.0 = Release|ARM
		{65E6DDF8-E6E2-4196-806C-8C143BC50230}.AppStore|iPhone.ActiveCfg = Release|x86
		{65E6DDF8-E6E2-4196-806C-8C143BC50230}.AppStore|iPhone.Build.0 = Release|x86
		{65E6DDF8-E6E2-4196-806C-8C143BC50230}.AppStore|iPhone.Deploy.0 = Release|x86
		{65E6DDF8-E6E2-4196-806C-8C143BC50230}.AppStore|iPhoneSimulator.ActiveCfg = Release|x86
		{65E6DDF8-E6E2-4196-806C-8C143BC50230}.AppStore|iPhoneSimulator.Build.0 = Release|x86
		{65E6DDF8-E6E2-4196-806C-8C143BC50230}.AppStore|iPhoneSimulator.Deploy.0 = Release|x86
		{65E6DDF8-E6E2-4196-806C-8C143BC50230}.AppStore|x64.ActiveCfg = Release|x64
		{65E6DDF8-E6E2-4196-806C-8C143BC50230}.AppStore|x64.Build.0 = Release|x64
		{65E6DDF8-E6E2-4196-806C-8C143BC50230}.AppStore|x64.Deploy.0 = Release|x64
		{65E6DDF8-E6E2-4196-806C-8C143BC50230}.AppStore|x86.ActiveCfg = Release|x86
		{65E6DDF8-E6E2-4196-806C-8C143BC50230}.AppStore|x86.Build.0 = Release|x86
		{65E6DDF8-E6E2-4196-806C-8C143BC50230}.AppStore|x86.Deploy.0 = Release|x86
		{65E6DDF8-E6E2-4196-806C-8C143BC50230}.Debug|Any CPU.ActiveCfg = Debug|x86
		{65E6DDF8-E6E2-4196-806C-8C143BC50230}.Debug|Any CPU.Build.0 = Debug|x86
		{65E6DDF8-E6E2-4196-806C-8C143BC50230}.Debug|Any CPU.Deploy.0 = Debug|x86
		{65E6DDF8-E6E2-4196-806C-8C143BC50230}.Debug|ARM.ActiveCfg = Debug|ARM
		{65E6DDF8-E6E2-4196-806C-8C143BC50230}.Debug|ARM.Build.0 = Debug|ARM
		{65E6DDF8-E6E2-4196-806C-8C143BC50230}.Debug|ARM.Deploy.0 = Debug|ARM
		{65E6DDF8-E6E2-4196-806C-8C143BC50230}.Debug|iPhone.ActiveCfg = Debug|x86
		{65E6DDF8-E6E2-4196-806C-8C143BC50230}.Debug|iPhone.Build.0 = Debug|x86
		{65E6DDF8-E6E2-4196-806C-8C143BC50230}.Debug|iPhone.Deploy.0 = Debug|x86
		{65E6DDF8-E6E2-4196-806C-8C143BC50230}.Debug|iPhoneSimulator.ActiveCfg = Debug|x86
		{65E6DDF8-E6E2-4196-806C-8C143BC50230}.Debug|iPhoneSimulator.Build.0 = Debug|x86
		{65E6DDF8-E6E2-4196-806C-8C143BC50230}.Debug|iPhoneSimulator.Deploy.0 = Debug|x86
		{65E6DDF8-E6E2-4196-806C-8C143BC50230}.Debug|x64.ActiveCfg = Debug|x64
		{65E6DDF8-E6E2-4196-806C-8C143BC50230}.Debug|x64.Build.0 = Debug|x64
		{65E6DDF8-E6E2-4196-806C-8C143BC50230}.Debug|x64.Deploy.0 = Debug|x64
		{65E6DDF8-E6E2-4196-806C-8C143BC50230}.Debug|x86.ActiveCfg = Debug|x86
		{65E6DDF8-E6E2-4196-806C-8C143BC50230}.Debug|x86.Build.0 = Debug|x86
		{65E6DDF8-E6E2-4196-806C-8C143BC50230}.Debug|x86.Deploy.0 = Debug|x86
		{65E6DDF8-E6E2-4196-806C-8C143BC50230}.Release|Any CPU.ActiveCfg = Release|x86
		{65E6DDF8-E6E2-4196-806C-8C143BC50230}.Release|Any CPU.Build.0 = Release|x86
		{65E6DDF8-E6E2-4196-806C-8C143BC50230}.Release|Any CPU.Deploy.0 = Release|x86
		{65E6DDF8-E6E2-4196-806C-8C143BC50230}.Release|ARM.ActiveCfg = Release|ARM
		{65E6DDF8-E6E2-4196-806C-8C143BC50230}.Release|ARM.Build.0 = Release|ARM
		{65E6DDF8-E6E2-4196-806C-8C143BC50230}.Release|ARM.Deploy.0 = Release|ARM
		{65E6DDF8-E6E2-4196-806C-8C143BC50230}.Release|iPhone.ActiveCfg = Release|x86
		{65E6DDF8-E6E2-4196-806C-8C143BC50230}.Release|iPhone.Build.0 = Release|x86
		{65E6DDF8-E6E2-4196-806C-8C143BC50230}.Release|iPhone.Deploy.0 = Release|x86
		{65E6DDF8-E6E2-4196-806C-8C143BC50230}.Release|iPhoneSimulator.ActiveCfg = Release|x86
		{65E6DDF8-E6E2-4196-806C-8C143BC50230}.Release|iPhoneSimulator.Build.0 = Release|x86
		{65E6DDF8-E6E2-4196-806C-8C143BC50230}.Release|iPhoneSimulator.Deploy.0 = Release|x86
		{65E6DDF8-E6E2-4196-806C-8C143BC50230}.Release|x64.ActiveCfg = Release|x64
		{65E6DDF8-E6E2-4196-806C-8C143BC50230}.Release|x64.Build.0 = Release|x64
		{65E6DDF8-E6E2-4196-806C-8C143BC50230}.Release|x64.Deploy.0 = Release|x64
		{65E6DDF8-E6E2-4196-806C-8C143BC50230}.Release|x86.ActiveCfg = Release|x86
		{65E6DDF8-E6E2-4196-806C-8C143BC50230}.Release|x86.Build.0 = Release|x86
		{65E6DDF8-E6E2-4196-806C-8C143BC50230}.Release|x86.Deploy.0 = Release|x86
		{E8C7482D-2A86-4874-9206-FD9AD680DFB0}.Ad-Hoc|Any CPU.ActiveCfg = Debug|Any CPU
		{E8C7482D-2A86-4874-9206-FD9AD680DFB0}.Ad-Hoc|Any CPU.Build.0 = Debug|Any CPU
		{E8C7482D-2A86-4874-9206-FD9AD680DFB0}.Ad-Hoc|Any CPU.Deploy.0 = Debug|Any CPU
		{E8C7482D-2A86-4874-9206-FD9AD680DFB0}.Ad-Hoc|ARM.ActiveCfg = Debug|Any CPU
		{E8C7482D-2A86-4874-9206-FD9AD680DFB0}.Ad-Hoc|ARM.Build.0 = Debug|Any CPU
		{E8C7482D-2A86-4874-9206-FD9AD680DFB0}.Ad-Hoc|ARM.Deploy.0 = Debug|Any CPU
		{E8C7482D-2A86-4874-9206-FD9AD680DFB0}.Ad-Hoc|iPhone.ActiveCfg = Debug|Any CPU
		{E8C7482D-2A86-4874-9206-FD9AD680DFB0}.Ad-Hoc|iPhone.Build.0 = Debug|Any CPU
		{E8C7482D-2A86-4874-9206-FD9AD680DFB0}.Ad-Hoc|iPhone.Deploy.0 = Debug|Any CPU
		{E8C7482D-2A86-4874-9206-FD9AD680DFB0}.Ad-Hoc|iPhoneSimulator.ActiveCfg = Debug|Any CPU
		{E8C7482D-2A86-4874-9206-FD9AD680DFB0}.Ad-Hoc|iPhoneSimulator.Build.0 = Debug|Any CPU
		{E8C7482D-2A86-4874-9206-FD9AD680DFB0}.Ad-Hoc|iPhoneSimulator.Deploy.0 = Debug|Any CPU
		{E8C7482D-2A86-4874-9206-FD9AD680DFB0}.Ad-Hoc|x64.ActiveCfg = Debug|Any CPU
		{E8C7482D-2A86-4874-9206-FD9AD680DFB0}.Ad-Hoc|x64.Build.0 = Debug|Any CPU
		{E8C7482D-2A86-4874-9206-FD9AD680DFB0}.Ad-Hoc|x64.Deploy.0 = Debug|Any CPU
		{E8C7482D-2A86-4874-9206-FD9AD680DFB0}.Ad-Hoc|x86.ActiveCfg = Debug|Any CPU
		{E8C7482D-2A86-4874-9206-FD9AD680DFB0}.Ad-Hoc|x86.Build.0 = Debug|Any CPU
		{E8C7482D-2A86-4874-9206-FD9AD680DFB0}.Ad-Hoc|x86.Deploy.0 = Debug|Any CPU
		{E8C7482D-2A86-4874-9206-FD9AD680DFB0}.AppStore|Any CPU.ActiveCfg = Debug|Any CPU
		{E8C7482D-2A86-4874-9206-FD9AD680DFB0}.AppStore|Any CPU.Build.0 = Debug|Any CPU
		{E8C7482D-2A86-4874-9206-FD9AD680DFB0}.AppStore|Any CPU.Deploy.0 = Debug|Any CPU
		{E8C7482D-2A86-4874-9206-FD9AD680DFB0}.AppStore|ARM.ActiveCfg = Debug|Any CPU
		{E8C7482D-2A86-4874-9206-FD9AD680DFB0}.AppStore|ARM.Build.0 = Debug|Any CPU
		{E8C7482D-2A86-4874-9206-FD9AD680DFB0}.AppStore|ARM.Deploy.0 = Debug|Any CPU
		{E8C7482D-2A86-4874-9206-FD9AD680DFB0}.AppStore|iPhone.ActiveCfg = Debug|Any CPU
		{E8C7482D-2A86-4874-9206-FD9AD680DFB0}.AppStore|iPhone.Build.0 = Debug|Any CPU
		{E8C7482D-2A86-4874-9206-FD9AD680DFB0}.AppStore|iPhone.Deploy.0 = Debug|Any CPU
		{E8C7482D-2A86-4874-9206-FD9AD680DFB0}.AppStore|iPhoneSimulator.ActiveCfg = Debug|Any CPU
		{E8C7482D-2A86-4874-9206-FD9AD680DFB0}.AppStore|iPhoneSimulator.Build.0 = Debug|Any CPU
		{E8C7482D-2A86-4874-9206-FD9AD680DFB0}.AppStore|iPhoneSimulator.Deploy.0 = Debug|Any CPU
		{E8C7482D-2A86-4874-9206-FD9AD680DFB0}.AppStore|x64.ActiveCfg = Debug|Any CPU
		{E8C7482D-2A86-4874-9206-FD9AD680DFB0}.AppStore|x64.Build.0 = Debug|Any CPU
		{E8C7482D-2A86-4874-9206-FD9AD680DFB0}.AppStore|x64.Deploy.0 = Debug|Any CPU
		{E8C7482D-2A86-4874-9206-FD9AD680DFB0}.AppStore|x86.ActiveCfg = Debug|Any CPU
		{E8C7482D-2A86-4874-9206-FD9AD680DFB0}.AppStore|x86.Build.0 = Debug|Any CPU
		{E8C7482D-2A86-4874-9206-FD9AD680DFB0}.AppStore|x86.Deploy.0 = Debug|Any CPU
		{E8C7482D-2A86-4874-9206-FD9AD680DFB0}.Debug|Any CPU.ActiveCfg = Debug|Any CPU
		{E8C7482D-2A86-4874-9206-FD9AD680DFB0}.Debug|Any CPU.Build.0 = Debug|Any CPU
		{E8C7482D-2A86-4874-9206-FD9AD680DFB0}.Debug|Any CPU.Deploy.0 = Debug|Any CPU
		{E8C7482D-2A86-4874-9206-FD9AD680DFB0}.Debug|ARM.ActiveCfg = Debug|Any CPU
		{E8C7482D-2A86-4874-9206-FD9AD680DFB0}.Debug|ARM.Build.0 = Debug|Any CPU
		{E8C7482D-2A86-4874-9206-FD9AD680DFB0}.Debug|ARM.Deploy.0 = Debug|Any CPU
		{E8C7482D-2A86-4874-9206-FD9AD680DFB0}.Debug|iPhone.ActiveCfg = Debug|Any CPU
		{E8C7482D-2A86-4874-9206-FD9AD680DFB0}.Debug|iPhone.Build.0 = Debug|Any CPU
		{E8C7482D-2A86-4874-9206-FD9AD680DFB0}.Debug|iPhone.Deploy.0 = Debug|Any CPU
		{E8C7482D-2A86-4874-9206-FD9AD680DFB0}.Debug|iPhoneSimulator.ActiveCfg = Debug|Any CPU
		{E8C7482D-2A86-4874-9206-FD9AD680DFB0}.Debug|iPhoneSimulator.Build.0 = Debug|Any CPU
		{E8C7482D-2A86-4874-9206-FD9AD680DFB0}.Debug|iPhoneSimulator.Deploy.0 = Debug|Any CPU
		{E8C7482D-2A86-4874-9206-FD9AD680DFB0}.Debug|x64.ActiveCfg = Debug|Any CPU
		{E8C7482D-2A86-4874-9206-FD9AD680DFB0}.Debug|x64.Build.0 = Debug|Any CPU
		{E8C7482D-2A86-4874-9206-FD9AD680DFB0}.Debug|x64.Deploy.0 = Debug|Any CPU
		{E8C7482D-2A86-4874-9206-FD9AD680DFB0}.Debug|x86.ActiveCfg = Debug|Any CPU
		{E8C7482D-2A86-4874-9206-FD9AD680DFB0}.Debug|x86.Build.0 = Debug|Any CPU
		{E8C7482D-2A86-4874-9206-FD9AD680DFB0}.Debug|x86.Deploy.0 = Debug|Any CPU
		{E8C7482D-2A86-4874-9206-FD9AD680DFB0}.Release|Any CPU.ActiveCfg = Release|Any CPU
		{E8C7482D-2A86-4874-9206-FD9AD680DFB0}.Release|Any CPU.Build.0 = Release|Any CPU
		{E8C7482D-2A86-4874-9206-FD9AD680DFB0}.Release|Any CPU.Deploy.0 = Release|Any CPU
		{E8C7482D-2A86-4874-9206-FD9AD680DFB0}.Release|ARM.ActiveCfg = Release|Any CPU
		{E8C7482D-2A86-4874-9206-FD9AD680DFB0}.Release|ARM.Build.0 = Release|Any CPU
		{E8C7482D-2A86-4874-9206-FD9AD680DFB0}.Release|ARM.Deploy.0 = Release|Any CPU
		{E8C7482D-2A86-4874-9206-FD9AD680DFB0}.Release|iPhone.ActiveCfg = Release|Any CPU
		{E8C7482D-2A86-4874-9206-FD9AD680DFB0}.Release|iPhone.Build.0 = Release|Any CPU
		{E8C7482D-2A86-4874-9206-FD9AD680DFB0}.Release|iPhone.Deploy.0 = Release|Any CPU
		{E8C7482D-2A86-4874-9206-FD9AD680DFB0}.Release|iPhoneSimulator.ActiveCfg = Release|Any CPU
		{E8C7482D-2A86-4874-9206-FD9AD680DFB0}.Release|iPhoneSimulator.Build.0 = Release|Any CPU
		{E8C7482D-2A86-4874-9206-FD9AD680DFB0}.Release|iPhoneSimulator.Deploy.0 = Release|Any CPU
		{E8C7482D-2A86-4874-9206-FD9AD680DFB0}.Release|x64.ActiveCfg = Release|Any CPU
		{E8C7482D-2A86-4874-9206-FD9AD680DFB0}.Release|x64.Build.0 = Release|Any CPU
		{E8C7482D-2A86-4874-9206-FD9AD680DFB0}.Release|x64.Deploy.0 = Release|Any CPU
		{E8C7482D-2A86-4874-9206-FD9AD680DFB0}.Release|x86.ActiveCfg = Release|Any CPU
		{E8C7482D-2A86-4874-9206-FD9AD680DFB0}.Release|x86.Build.0 = Release|Any CPU
		{E8C7482D-2A86-4874-9206-FD9AD680DFB0}.Release|x86.Deploy.0 = Release|Any CPU
	EndGlobalSection
	GlobalSection(SolutionProperties) = preSolution
		HideSolutionNode = FALSE
	EndGlobalSection
	GlobalSection(ExtensibilityGlobals) = postSolution
		SolutionGuid = {AE45E4EF-1953-4860-842F-246604491017}
	EndGlobalSection
EndGlobal
